
Microsoft Visual Studio Solution File, Format Version 12.00
# Visual Studio Version 17
VisualStudioVersion = 17.3.32825.248
MinimumVisualStudioVersion = 10.0.40219.1
Project("{9A19103F-16F7-4668-BE54-9A1E7A4F7556}") = "TaskDNS", "TaskDNS\TaskDNS.csproj", "{7AA4C268-C2C5-465D-A858-CDF2B668ACBE}"
EndProject
Project("{FAE04EC0-301F-11D3-BF4B-00C04F79EFBC}") = "TaskDNS.Tests", "TaskDNS.Tests\TaskDNS.Tests.csproj", "{EA5DE70B-5577-42BF-A705-0E9D1A24D7EF}"
EndProject
Global
	GlobalSection(SolutionConfigurationPlatforms) = preSolution
		Debug|Any CPU = Debug|Any CPU
		Release|Any CPU = Release|Any CPU
	EndGlobalSection
	GlobalSection(ProjectConfigurationPlatforms) = postSolution
		{7AA4C268-C2C5-465D-A858-CDF2B668ACBE}.Debug|Any CPU.ActiveCfg = Debug|Any CPU
		{7AA4C268-C2C5-465D-A858-CDF2B668ACBE}.Debug|Any CPU.Build.0 = Debug|Any CPU
		{7AA4C268-C2C5-465D-A858-CDF2B668ACBE}.Release|Any CPU.ActiveCfg = Release|Any CPU
		{7AA4C268-C2C5-465D-A858-CDF2B668ACBE}.Release|Any CPU.Build.0 = Release|Any CPU
		{EA5DE70B-5577-42BF-A705-0E9D1A24D7EF}.Debug|Any CPU.ActiveCfg = Debug|Any CPU
		{EA5DE70B-5577-42BF-A705-0E9D1A24D7EF}.Debug|Any CPU.Build.0 = Debug|Any CPU
		{EA5DE70B-5577-42BF-A705-0E9D1A24D7EF}.Release|Any CPU.ActiveCfg = Release|Any CPU
		{EA5DE70B-5577-42BF-A705-0E9D1A24D7EF}.Release|Any CPU.Build.0 = Release|Any CPU
	EndGlobalSection
	GlobalSection(SolutionProperties) = preSolution
		HideSolutionNode = FALSE
	EndGlobalSection
	GlobalSection(ExtensibilityGlobals) = postSolution
		SolutionGuid = {0B318496-E11A-4051-B27A-03570680DFB6}
	EndGlobalSection
EndGlobal
